<?xml version="1.0" encoding="utf-8"?>
<Project ToolsVersion="4.0" xmlns="http://schemas.microsoft.com/developer/msbuild/2003">
  <ItemGroup>
    <ClCompile Include="src\ofApp.cpp">
      <Filter>src</Filter>
    </ClCompile>
    <ClCompile Include="src\main.cpp">
      <Filter>src</Filter>
    </ClCompile>
    <ClCompile Include="src\Im2D\Im2D.cpp">
      <Filter>src</Filter>
    </ClCompile>
    <ClCompile Include="src\Paper\Curve.cpp">
      <Filter>src</Filter>
    </ClCompile>
    <ClCompile Include="src\Im2D\im2d_draw.cpp">
      <Filter>src</Filter>
    </ClCompile>
    <ClCompile Include="src\Paper\numerical.cpp">
      <Filter>src</Filter>
    </ClCompile>
    <ClCompile Include="src\Paper\Path.cpp" />
    <ClCompile Include="C:\Users\andris\Documents\of_v0.10.0_vs2017_release\addons\ofxImGui\libs\imgui\imgui.cpp" />
    <ClCompile Include="C:\Users\andris\Documents\of_v0.10.0_vs2017_release\addons\ofxImGui\libs\imgui\imgui_demo.cpp" />
    <ClCompile Include="C:\Users\andris\Documents\of_v0.10.0_vs2017_release\addons\ofxImGui\libs\imgui\imgui_draw.cpp" />
    <ClCompile Include="C:\Users\andris\Documents\of_v0.10.0_vs2017_release\addons\ofxImGui\libs\imgui\imgui_widgets.cpp" />
    <ClCompile Include="C:\Users\andris\Documents\of_v0.10.0_vs2017_release\addons\ofxImGui\src\BaseEngine.cpp" />
    <ClCompile Include="C:\Users\andris\Documents\of_v0.10.0_vs2017_release\addons\ofxImGui\src\BaseTheme.cpp" />
    <ClCompile Include="C:\Users\andris\Documents\of_v0.10.0_vs2017_release\addons\ofxImGui\src\EngineGLFW.cpp" />
    <ClCompile Include="C:\Users\andris\Documents\of_v0.10.0_vs2017_release\addons\ofxImGui\src\EngineOpenGLES.cpp" />
    <ClCompile Include="C:\Users\andris\Documents\of_v0.10.0_vs2017_release\addons\ofxImGui\src\EngineVk.cpp" />
    <ClCompile Include="C:\Users\andris\Documents\of_v0.10.0_vs2017_release\addons\ofxImGui\src\Gui.cpp" />
    <ClCompile Include="C:\Users\andris\Documents\of_v0.10.0_vs2017_release\addons\ofxImGui\src\Helpers.cpp" />
    <ClCompile Include="C:\Users\andris\Documents\of_v0.10.0_vs2017_release\addons\ofxImGui\src\ofxImGuiLoggerChannel.cpp" />
    <ClCompile Include="src\Paper\CurveLocation.cpp" />
  </ItemGroup>
  <ItemGroup>
    <Filter Include="src">
      <UniqueIdentifier>{d8376475-7454-4a24-b08a-aac121d3ad6f}</UniqueIdentifier>
    </Filter>
    <Filter Include="addons">
      <UniqueIdentifier>{0b9a2a60-a267-48f7-9087-3e5c4baed975}</UniqueIdentifier>
    </Filter>
    <Filter Include="addons\ofxImGui">
      <UniqueIdentifier>{3a15dccd-8dee-45e9-a15c-cde3a712b5e5}</UniqueIdentifier>
    </Filter>
    <Filter Include="addons\ofxImGui\src">
      <UniqueIdentifier>{4c582bfb-11ce-40c7-a5f1-28731c49a2a1}</UniqueIdentifier>
    </Filter>
    <Filter Include="addons\ofxImGui\libs">
      <UniqueIdentifier>{ea4f4fb6-2200-4dbd-91dd-36a4cc425fb5}</UniqueIdentifier>
    </Filter>
    <Filter Include="addons\ofxImGui\libs\imgui">
      <UniqueIdentifier>{0d8747d3-5a5e-453f-a809-96f3a47f08be}</UniqueIdentifier>
    </Filter>
  </ItemGroup>
  <ItemGroup>
    <ClInclude Include="src\ofApp.h">
      <Filter>src</Filter>
    </ClInclude>
    <ClInclude Include="src\Im2D\Im2D.h">
      <Filter>src</Filter>
    </ClInclude>
    <ClInclude Include="src\Paper\Curve.h">
      <Filter>src</Filter>
    </ClInclude>
    <ClInclude Include="src\Im2D\im2d_draw.h">
      <Filter>src</Filter>
    </ClInclude>
    <ClInclude Include="src\Paper\numerical.h">
      <Filter>src</Filter>
    </ClInclude>
    <ClInclude Include="src\Paper\Path.h" />
    <ClInclude Include="src\Paper\Segment.h" />
    <ClInclude Include="C:\Users\andris\Documents\of_v0.10.0_vs2017_release\addons\ofxImGui\libs\imgui\imgui.h" />
    <ClInclude Include="C:\Users\andris\Documents\of_v0.10.0_vs2017_release\addons\ofxImGui\libs\imgui\imgui_internal.h" />
    <ClInclude Include="C:\Users\andris\Documents\of_v0.10.0_vs2017_release\addons\ofxImGui\libs\imgui\imstb_rectpack.h" />
    <ClInclude Include="C:\Users\andris\Documents\of_v0.10.0_vs2017_release\addons\ofxImGui\libs\imgui\imstb_textedit.h" />
    <ClInclude Include="C:\Users\andris\Documents\of_v0.10.0_vs2017_release\addons\ofxImGui\libs\imgui\imstb_truetype.h" />
    <ClInclude Include="C:\Users\andris\Documents\of_v0.10.0_vs2017_release\addons\ofxImGui\src\BaseEngine.h" />
    <ClInclude Include="C:\Users\andris\Documents\of_v0.10.0_vs2017_release\addons\ofxImGui\src\BaseTheme.h" />
    <ClInclude Include="C:\Users\andris\Documents\of_v0.10.0_vs2017_release\addons\ofxImGui\src\EngineGLFW.h" />
    <ClInclude Include="C:\Users\andris\Documents\of_v0.10.0_vs2017_release\addons\ofxImGui\src\EngineOpenGLES.h" />
    <ClInclude Include="C:\Users\andris\Documents\of_v0.10.0_vs2017_release\addons\ofxImGui\src\EngineVk.h" />
    <ClInclude Include="C:\Users\andris\Documents\of_v0.10.0_vs2017_release\addons\ofxImGui\src\Gui.h" />
    <ClInclude Include="C:\Users\andris\Documents\of_v0.10.0_vs2017_release\addons\ofxImGui\src\Helpers.h" />
    <ClInclude Include="C:\Users\andris\Documents\of_v0.10.0_vs2017_release\addons\ofxImGui\src\imconfig.h" />
    <ClInclude Include="C:\Users\andris\Documents\of_v0.10.0_vs2017_release\addons\ofxImGui\src\ofxImGui.h" />
    <ClInclude Include="C:\Users\andris\Documents\of_v0.10.0_vs2017_release\addons\ofxImGui\src\ofxImGuiLoggerChannel.h" />
    <ClInclude Include="C:\Users\andris\Documents\of_v0.10.0_vs2017_release\addons\ofxImGui\src\ThemeTest.h" />
    <ClInclude Include="src\Paper\CurveLocation.h" />
  </ItemGroup>
  <ItemGroup>
    <ResourceCompile Include="icon.rc" />
  </ItemGroup>
  <ItemGroup>
    <None Include="src\Paper\README.md" />
  </ItemGroup>
</Project>